// !$*UTF8*$!
{
	archiveVersion = 1;
	classes = {
	};
	objectVersion = 56;
	objects = {

/* Begin PBXBuildFile section */
		13B4BEF22AB0C3B30050CF6A /* AppDelegate.swift in Sources */ = {isa = PBXBuildFile; fileRef = 13B4BEF12AB0C3B30050CF6A /* AppDelegate.swift */; };
		13B4BEF42AB0C3B30050CF6A /* SceneDelegate.swift in Sources */ = {isa = PBXBuildFile; fileRef = 13B4BEF32AB0C3B30050CF6A /* SceneDelegate.swift */; };
		13B4BEF62AB0C3B30050CF6A /* ViewController.swift in Sources */ = {isa = PBXBuildFile; fileRef = 13B4BEF52AB0C3B30050CF6A /* ViewController.swift */; };
		13B4BEF92AB0C3B30050CF6A /* Main.storyboard in Resources */ = {isa = PBXBuildFile; fileRef = 13B4BEF72AB0C3B30050CF6A /* Main.storyboard */; };
		13B4BEFB2AB0C3B40050CF6A /* Assets.xcassets in Resources */ = {isa = PBXBuildFile; fileRef = 13B4BEFA2AB0C3B40050CF6A /* Assets.xcassets */; };
		13B4BEFE2AB0C3B40050CF6A /* LaunchScreen.storyboard in Resources */ = {isa = PBXBuildFile; fileRef = 13B4BEFC2AB0C3B40050CF6A /* LaunchScreen.storyboard */; };
		13C2F4862AB2050B008D21B2 /* GoogleService-Info.plist in Resources */ = {isa = PBXBuildFile; fileRef = 13C2F4852AB2050B008D21B2 /* GoogleService-Info.plist */; };
		13D7F9C92AB4F84200310805 /* FeedCell.swift in Sources */ = {isa = PBXBuildFile; fileRef = 13D7F9C82AB4F84200310805 /* FeedCell.swift */; };
		13F0E2762AB398A200A816C6 /* FeedViewController.swift in Sources */ = {isa = PBXBuildFile; fileRef = 13F0E2752AB398A200A816C6 /* FeedViewController.swift */; };
		13F0E2782AB398B600A816C6 /* UploadViewController.swift in Sources */ = {isa = PBXBuildFile; fileRef = 13F0E2772AB398B600A816C6 /* UploadViewController.swift */; };
		13F0E27A2AB398C200A816C6 /* SettingsViewController.swift in Sources */ = {isa = PBXBuildFile; fileRef = 13F0E2792AB398C200A816C6 /* SettingsViewController.swift */; };
		13F0E27C2AB3ABC000A816C6 /* select.png in Resources */ = {isa = PBXBuildFile; fileRef = 13F0E27B2AB3ABC000A816C6 /* select.png */; };
		B5FE8E5CF756683D8B6A12A6 /* Pods_FirebaseInstaClone.framework in Frameworks */ = {isa = PBXBuildFile; fileRef = C445E20CFDBF282EE2D1BE9C /* Pods_FirebaseInstaClone.framework */; };
/* End PBXBuildFile section */

/* Begin PBXFileReference section */
		03130598F83621181F631C06 /* Pods-FirebaseInstaClone.debug.xcconfig */ = {isa = PBXFileReference; includeInIndex = 1; lastKnownFileType = text.xcconfig; name = "Pods-FirebaseInstaClone.debug.xcconfig"; path = "Target Support Files/Pods-FirebaseInstaClone/Pods-FirebaseInstaClone.debug.xcconfig"; sourceTree = "<group>"; };
		13B4BEEE2AB0C3B30050CF6A /* FirebaseInstaClone.app */ = {isa = PBXFileReference; explicitFileType = wrapper.application; includeInIndex = 0; path = FirebaseInstaClone.app; sourceTree = BUILT_PRODUCTS_DIR; };
		13B4BEF12AB0C3B30050CF6A /* AppDelegate.swift */ = {isa = PBXFileReference; lastKnownFileType = sourcecode.swift; path = AppDelegate.swift; sourceTree = "<group>"; };
		13B4BEF32AB0C3B30050CF6A /* SceneDelegate.swift */ = {isa = PBXFileReference; lastKnownFileType = sourcecode.swift; path = SceneDelegate.swift; sourceTree = "<group>"; };
		13B4BEF52AB0C3B30050CF6A /* ViewController.swift */ = {isa = PBXFileReference; lastKnownFileType = sourcecode.swift; path = ViewController.swift; sourceTree = "<group>"; };
		13B4BEF82AB0C3B30050CF6A /* Base */ = {isa = PBXFileReference; lastKnownFileType = file.storyboard; name = Base; path = Base.lproj/Main.storyboard; sourceTree = "<group>"; };
		13B4BEFA2AB0C3B40050CF6A /* Assets.xcassets */ = {isa = PBXFileReference; lastKnownFileType = folder.assetcatalog; path = Assets.xcassets; sourceTree = "<group>"; };
		13B4BEFD2AB0C3B40050CF6A /* Base */ = {isa = PBXFileReference; lastKnownFileType = file.storyboard; name = Base; path = Base.lproj/LaunchScreen.storyboard; sourceTree = "<group>"; };
		13B4BEFF2AB0C3B40050CF6A /* Info.plist */ = {isa = PBXFileReference; lastKnownFileType = text.plist.xml; path = Info.plist; sourceTree = "<group>"; };
		13C2F4852AB2050B008D21B2 /* GoogleService-Info.plist */ = {isa = PBXFileReference; fileEncoding = 4; lastKnownFileType = text.plist.xml; name = "GoogleService-Info.plist"; path = "../../../Downloads/GoogleService-Info.plist"; sourceTree = "<group>"; };
		13D7F9C82AB4F84200310805 /* FeedCell.swift */ = {isa = PBXFileReference; lastKnownFileType = sourcecode.swift; path = FeedCell.swift; sourceTree = "<group>"; };
		13F0E2752AB398A200A816C6 /* FeedViewController.swift */ = {isa = PBXFileReference; lastKnownFileType = sourcecode.swift; path = FeedViewController.swift; sourceTree = "<group>"; };
		13F0E2772AB398B600A816C6 /* UploadViewController.swift */ = {isa = PBXFileReference; lastKnownFileType = sourcecode.swift; path = UploadViewController.swift; sourceTree = "<group>"; };
		13F0E2792AB398C200A816C6 /* SettingsViewController.swift */ = {isa = PBXFileReference; lastKnownFileType = sourcecode.swift; path = SettingsViewController.swift; sourceTree = "<group>"; };
		13F0E27B2AB3ABC000A816C6 /* select.png */ = {isa = PBXFileReference; lastKnownFileType = image.png; name = select.png; path = ../../../Downloads/select.png; sourceTree = "<group>"; };
		92308F03DEA2814C86876094 /* Pods-FirebaseInstaClone.release.xcconfig */ = {isa = PBXFileReference; includeInIndex = 1; lastKnownFileType = text.xcconfig; name = "Pods-FirebaseInstaClone.release.xcconfig"; path = "Target Support Files/Pods-FirebaseInstaClone/Pods-FirebaseInstaClone.release.xcconfig"; sourceTree = "<group>"; };
		C445E20CFDBF282EE2D1BE9C /* Pods_FirebaseInstaClone.framework */ = {isa = PBXFileReference; explicitFileType = wrapper.framework; includeInIndex = 0; path = Pods_FirebaseInstaClone.framework; sourceTree = BUILT_PRODUCTS_DIR; };
/* End PBXFileReference section */

/* Begin PBXFrameworksBuildPhase section */
		13B4BEEB2AB0C3B30050CF6A /* Frameworks */ = {
			isa = PBXFrameworksBuildPhase;
			buildActionMask = 2147483647;
			files = (
				B5FE8E5CF756683D8B6A12A6 /* Pods_FirebaseInstaClone.framework in Frameworks */,
			);
			runOnlyForDeploymentPostprocessing = 0;
		};
/* End PBXFrameworksBuildPhase section */

/* Begin PBXGroup section */
		120D2783CD9C384EE1A0D90D /* Pods */ = {
			isa = PBXGroup;
			children = (
				03130598F83621181F631C06 /* Pods-FirebaseInstaClone.debug.xcconfig */,
				92308F03DEA2814C86876094 /* Pods-FirebaseInstaClone.release.xcconfig */,
			);
			path = Pods;
			sourceTree = "<group>";
		};
		13B4BEE52AB0C3B30050CF6A = {
			isa = PBXGroup;
			children = (
				13B4BEF02AB0C3B30050CF6A /* FirebaseInstaClone */,
				13B4BEEF2AB0C3B30050CF6A /* Products */,
				120D2783CD9C384EE1A0D90D /* Pods */,
				9F8E16DC08A10C81A9DD66BE /* Frameworks */,
			);
			sourceTree = "<group>";
		};
		13B4BEEF2AB0C3B30050CF6A /* Products */ = {
			isa = PBXGroup;
			children = (
				13B4BEEE2AB0C3B30050CF6A /* FirebaseInstaClone.app */,
			);
			name = Products;
			sourceTree = "<group>";
		};
		13B4BEF02AB0C3B30050CF6A /* FirebaseInstaClone */ = {
			isa = PBXGroup;
			children = (
				13B4BEF12AB0C3B30050CF6A /* AppDelegate.swift */,
				13B4BEF32AB0C3B30050CF6A /* SceneDelegate.swift */,
				13B4BEF52AB0C3B30050CF6A /* ViewController.swift */,
				13F0E2752AB398A200A816C6 /* FeedViewController.swift */,
				13F0E2772AB398B600A816C6 /* UploadViewController.swift */,
				13F0E2792AB398C200A816C6 /* SettingsViewController.swift */,
				13D7F9C82AB4F84200310805 /* FeedCell.swift */,
				13F0E27B2AB3ABC000A816C6 /* select.png */,
				13B4BEF72AB0C3B30050CF6A /* Main.storyboard */,
				13B4BEFA2AB0C3B40050CF6A /* Assets.xcassets */,
				13B4BEFC2AB0C3B40050CF6A /* LaunchScreen.storyboard */,
				13B4BEFF2AB0C3B40050CF6A /* Info.plist */,
				13C2F4852AB2050B008D21B2 /* GoogleService-Info.plist */,
			);
			path = FirebaseInstaClone;
			sourceTree = "<group>";
		};
		9F8E16DC08A10C81A9DD66BE /* Frameworks */ = {
			isa = PBXGroup;
			children = (
				C445E20CFDBF282EE2D1BE9C /* Pods_FirebaseInstaClone.framework */,
			);
			name = Frameworks;
			sourceTree = "<group>";
		};
/* End PBXGroup section */

/* Begin PBXNativeTarget section */
		13B4BEED2AB0C3B30050CF6A /* FirebaseInstaClone */ = {
			isa = PBXNativeTarget;
			buildConfigurationList = 13B4BF022AB0C3B40050CF6A /* Build configuration list for PBXNativeTarget "FirebaseInstaClone" */;
			buildPhases = (
				2C486206678CE32A37647B1D /* [CP] Check Pods Manifest.lock */,
				13B4BEEA2AB0C3B30050CF6A /* Sources */,
				13B4BEEB2AB0C3B30050CF6A /* Frameworks */,
				13B4BEEC2AB0C3B30050CF6A /* Resources */,
				4C53106F3F2B16F918CFE6C0 /* [CP] Embed Pods Frameworks */,
			);
			buildRules = (
			);
			dependencies = (
			);
			name = FirebaseInstaClone;
			productName = FirebaseInstaClone;
			productReference = 13B4BEEE2AB0C3B30050CF6A /* FirebaseInstaClone.app */;
			productType = "com.apple.product-type.application";
		};
/* End PBXNativeTarget section */

/* Begin PBXProject section */
		13B4BEE62AB0C3B30050CF6A /* Project object */ = {
			isa = PBXProject;
			attributes = {
				BuildIndependentTargetsInParallel = 1;
				LastSwiftUpdateCheck = 1430;
				LastUpgradeCheck = 1430;
				TargetAttributes = {
					13B4BEED2AB0C3B30050CF6A = {
						CreatedOnToolsVersion = 14.3.1;
					};
				};
			};
			buildConfigurationList = 13B4BEE92AB0C3B30050CF6A /* Build configuration list for PBXProject "FirebaseInstaClone" */;
			compatibilityVersion = "Xcode 14.0";
			developmentRegion = en;
			hasScannedForEncodings = 0;
			knownRegions = (
				en,
				Base,
			);
			mainGroup = 13B4BEE52AB0C3B30050CF6A;
			productRefGroup = 13B4BEEF2AB0C3B30050CF6A /* Products */;
			projectDirPath = "";
			projectRoot = "";
			targets = (
				13B4BEED2AB0C3B30050CF6A /* FirebaseInstaClone */,
			);
		};
/* End PBXProject section */

/* Begin PBXResourcesBuildPhase section */
		13B4BEEC2AB0C3B30050CF6A /* Resources */ = {
			isa = PBXResourcesBuildPhase;
			buildActionMask = 2147483647;
			files = (
				13B4BEFE2AB0C3B40050CF6A /* LaunchScreen.storyboard in Resources */,
				13C2F4862AB2050B008D21B2 /* GoogleService-Info.plist in Resources */,
				13B4BEFB2AB0C3B40050CF6A /* Assets.xcassets in Resources */,
				13B4BEF92AB0C3B30050CF6A /* Main.storyboard in Resources */,
				13F0E27C2AB3ABC000A816C6 /* select.png in Resources */,
			);
			runOnlyForDeploymentPostprocessing = 0;
		};
/* End PBXResourcesBuildPhase section */

/* Begin PBXShellScriptBuildPhase section */
		2C486206678CE32A37647B1D /* [CP] Check Pods Manifest.lock */ = {
			isa = PBXShellScriptBuildPhase;
			buildActionMask = 2147483647;
			files = (
			);
			inputFileListPaths = (
			);
			inputPaths = (
				"${PODS_PODFILE_DIR_PATH}/Podfile.lock",
				"${PODS_ROOT}/Manifest.lock",
			);
			name = "[CP] Check Pods Manifest.lock";
			outputFileListPaths = (
			);
			outputPaths = (
				"$(DERIVED_FILE_DIR)/Pods-FirebaseInstaClone-checkManifestLockResult.txt",
			);
			runOnlyForDeploymentPostprocessing = 0;
			shellPath = /bin/sh;
			shellScript = "diff \"${PODS_PODFILE_DIR_PATH}/Podfile.lock\" \"${PODS_ROOT}/Manifest.lock\" > /dev/null\nif [ $? != 0 ] ; then\n    # print error to STDERR\n    echo \"error: The sandbox is not in sync with the Podfile.lock. Run 'pod install' or update your CocoaPods installation.\" >&2\n    exit 1\nfi\n# This output is used by Xcode 'outputs' to avoid re-running this script phase.\necho \"SUCCESS\" > \"${SCRIPT_OUTPUT_FILE_0}\"\n";
			showEnvVarsInLog = 0;
		};
		4C53106F3F2B16F918CFE6C0 /* [CP] Embed Pods Frameworks */ = {
			isa = PBXShellScriptBuildPhase;
			buildActionMask = 2147483647;
			files = (
			);
			inputFileListPaths = (
				"${PODS_ROOT}/Target Support Files/Pods-FirebaseInstaClone/Pods-FirebaseInstaClone-frameworks-${CONFIGURATION}-input-files.xcfilelist",
			);
			name = "[CP] Embed Pods Frameworks";
			outputFileListPaths = (
				"${PODS_ROOT}/Target Support Files/Pods-FirebaseInstaClone/Pods-FirebaseInstaClone-frameworks-${CONFIGURATION}-output-files.xcfilelist",
			);
			runOnlyForDeploymentPostprocessing = 0;
			shellPath = /bin/sh;
			shellScript = "\"${PODS_ROOT}/Target Support Files/Pods-FirebaseInstaClone/Pods-FirebaseInstaClone-frameworks.sh\"\n";
			showEnvVarsInLog = 0;
		};
/* End PBXShellScriptBuildPhase section */

/* Begin PBXSourcesBuildPhase section */
		13B4BEEA2AB0C3B30050CF6A /* Sources */ = {
			isa = PBXSourcesBuildPhase;
			buildActionMask = 2147483647;
			files = (
				13D7F9C92AB4F84200310805 /* FeedCell.swift in Sources */,
				13B4BEF62AB0C3B30050CF6A /* ViewController.swift in Sources */,
				13F0E2782AB398B600A816C6 /* UploadViewController.swift in Sources */,
				13B4BEF22AB0C3B30050CF6A /* AppDelegate.swift in Sources */,
				13F0E2762AB398A200A816C6 /* FeedViewController.swift in Sources */,
				13B4BEF42AB0C3B30050CF6A /* SceneDelegate.swift in Sources */,
				13F0E27A2AB398C200A816C6 /* SettingsViewController.swift in Sources */,
			);
			runOnlyForDeploymentPostprocessing = 0;
		};
/* End PBXSourcesBuildPhase section */

/* Begin PBXVariantGroup section */
		13B4BEF72AB0C3B30050CF6A /* Main.storyboard */ = {
			isa = PBXVariantGroup;
			children = (
				13B4BEF82AB0C3B30050CF6A /* Base */,
			);
			name = Main.storyboard;
			sourceTree = "<group>";
		};
		13B4BEFC2AB0C3B40050CF6A /* LaunchScreen.storyboard */ = {
			isa = PBXVariantGroup;
			children = (
				13B4BEFD2AB0C3B40050CF6A /* Base */,
			);
			name = LaunchScreen.storyboard;
			sourceTree = "<group>";
		};
/* End PBXVariantGroup section */

/* Begin XCBuildConfiguration section */
		13B4BF002AB0C3B40050CF6A /* Debug */ = {
			isa = XCBuildConfiguration;
			buildSettings = {
				ALWAYS_SEARCH_USER_PATHS = NO;
				CLANG_ANALYZER_NONNULL = YES;
				CLANG_ANALYZER_NUMBER_OBJECT_CONVERSION = YES_AGGRESSIVE;
				CLANG_CXX_LANGUAGE_STANDARD = "gnu++20";
				CLANG_ENABLE_MODULES = YES;
				CLANG_ENABLE_OBJC_ARC = YES;
				CLANG_ENABLE_OBJC_WEAK = YES;
				CLANG_WARN_BLOCK_CAPTURE_AUTORELEASING = YES;
				CLANG_WARN_BOOL_CONVERSION = YES;
				CLANG_WARN_COMMA = YES;
				CLANG_WARN_CONSTANT_CONVERSION = YES;
				CLANG_WARN_DEPRECATED_OBJC_IMPLEMENTATIONS = YES;
				CLANG_WARN_DIRECT_OBJC_ISA_USAGE = YES_ERROR;
				CLANG_WARN_DOCUMENTATION_COMMENTS = YES;
				CLANG_WARN_EMPTY_BODY = YES;
				CLANG_WARN_ENUM_CONVERSION = YES;
				CLANG_WARN_INFINITE_RECURSION = YES;
				CLANG_WARN_INT_CONVERSION = YES;
				CLANG_WARN_NON_LITERAL_NULL_CONVERSION = YES;
				CLANG_WARN_OBJC_IMPLICIT_RETAIN_SELF = YES;
				CLANG_WARN_OBJC_LITERAL_CONVERSION = YES;
				CLANG_WARN_OBJC_ROOT_CLASS = YES_ERROR;
				CLANG_WARN_QUOTED_INCLUDE_IN_FRAMEWORK_HEADER = YES;
				CLANG_WARN_RANGE_LOOP_ANALYSIS = YES;
				CLANG_WARN_STRICT_PROTOTYPES = YES;
				CLANG_WARN_SUSPICIOUS_MOVE = YES;
				CLANG_WARN_UNGUARDED_AVAILABILITY = YES_AGGRESSIVE;
				CLANG_WARN_UNREACHABLE_CODE = YES;
				CLANG_WARN__DUPLICATE_METHOD_MATCH = YES;
				COPY_PHASE_STRIP = NO;
				DEBUG_INFORMATION_FORMAT = dwarf;
				ENABLE_STRICT_OBJC_MSGSEND = YES;
				ENABLE_TESTABILITY = YES;
				GCC_C_LANGUAGE_STANDARD = gnu11;
				GCC_DYNAMIC_NO_PIC = NO;
				GCC_NO_COMMON_BLOCKS = YES;
				GCC_OPTIMIZATION_LEVEL = 0;
				GCC_PREPROCESSOR_DEFINITIONS = (
					"DEBUG=1",
					"$(inherited)",
				);
				GCC_WARN_64_TO_32_BIT_CONVERSION = YES;
				GCC_WARN_ABOUT_RETURN_TYPE = YES_ERROR;
				GCC_WARN_UNDECLARED_SELECTOR = YES;
				GCC_WARN_UNINITIALIZED_AUTOS = YES_AGGRESSIVE;
				GCC_WARN_UNUSED_FUNCTION = YES;
				GCC_WARN_UNUSED_VARIABLE = YES;
				IPHONEOS_DEPLOYMENT_TARGET = 16.4;
				MTL_ENABLE_DEBUG_INFO = INCLUDE_SOURCE;
				MTL_FAST_MATH = YES;
				ONLY_ACTIVE_ARCH = YES;
				SDKROOT = iphoneos;
				SWIFT_ACTIVE_COMPILATION_CONDITIONS = DEBUG;
				SWIFT_OPTIMIZATION_LEVEL = "-Onone";
			};
			name = Debug;
		};
		13B4BF012AB0C3B40050CF6A /* Release */ = {
			isa = XCBuildConfiguration;
			buildSettings = {
				ALWAYS_SEARCH_USER_PATHS = NO;
				CLANG_ANALYZER_NONNULL = YES;
				CLANG_ANALYZER_NUMBER_OBJECT_CONVERSION = YES_AGGRESSIVE;
				CLANG_CXX_LANGUAGE_STANDARD = "gnu++20";
				CLANG_ENABLE_MODULES = YES;
				CLANG_ENABLE_OBJC_ARC = YES;
				CLANG_ENABLE_OBJC_WEAK = YES;
				CLANG_WARN_BLOCK_CAPTURE_AUTORELEASING = YES;
				CLANG_WARN_BOOL_CONVERSION = YES;
				CLANG_WARN_COMMA = YES;
				CLANG_WARN_CONSTANT_CONVERSION = YES;
				CLANG_WARN_DEPRECATED_OBJC_IMPLEMENTATIONS = YES;
				CLANG_WARN_DIRECT_OBJC_ISA_USAGE = YES_ERROR;
				CLANG_WARN_DOCUMENTATION_COMMENTS = YES;
				CLANG_WARN_EMPTY_BODY = YES;
				CLANG_WARN_ENUM_CONVERSION = YES;
				CLANG_WARN_INFINITE_RECURSION = YES;
				CLANG_WARN_INT_CONVERSION = YES;
				CLANG_WARN_NON_LITERAL_NULL_CONVERSION = YES;
				CLANG_WARN_OBJC_IMPLICIT_RETAIN_SELF = YES;
				CLANG_WARN_OBJC_LITERAL_CONVERSION = YES;
				CLANG_WARN_OBJC_ROOT_CLASS = YES_ERROR;
				CLANG_WARN_QUOTED_INCLUDE_IN_FRAMEWORK_HEADER = YES;
				CLANG_WARN_RANGE_LOOP_ANALYSIS = YES;
				CLANG_WARN_STRICT_PROTOTYPES = YES;
				CLANG_WARN_SUSPICIOUS_MOVE = YES;
				CLANG_WARN_UNGUARDED_AVAILABILITY = YES_AGGRESSIVE;
				CLANG_WARN_UNREACHABLE_CODE = YES;
				CLANG_WARN__DUPLICATE_METHOD_MATCH = YES;
				COPY_PHASE_STRIP = NO;
				DEBUG_INFORMATION_FORMAT = "dwarf-with-dsym";
				ENABLE_NS_ASSERTIONS = NO;
				ENABLE_STRICT_OBJC_MSGSEND = YES;
				GCC_C_LANGUAGE_STANDARD = gnu11;
				GCC_NO_COMMON_BLOCKS = YES;
				GCC_WARN_64_TO_32_BIT_CONVERSION = YES;
				GCC_WARN_ABOUT_RETURN_TYPE = YES_ERROR;
				GCC_WARN_UNDECLARED_SELECTOR = YES;
				GCC_WARN_UNINITIALIZED_AUTOS = YES_AGGRESSIVE;
				GCC_WARN_UNUSED_FUNCTION = YES;
				GCC_WARN_UNUSED_VARIABLE = YES;
				IPHONEOS_DEPLOYMENT_TARGET = 16.4;
				MTL_ENABLE_DEBUG_INFO = NO;
				MTL_FAST_MATH = YES;
				SDKROOT = iphoneos;
				SWIFT_COMPILATION_MODE = wholemodule;
				SWIFT_OPTIMIZATION_LEVEL = "-O";
				VALIDATE_PRODUCT = YES;
			};
			name = Release;
		};
		13B4BF032AB0C3B40050CF6A /* Debug */ = {
			isa = XCBuildConfiguration;
			baseConfigurationReference = 03130598F83621181F631C06 /* Pods-FirebaseInstaClone.debug.xcconfig */;
			buildSettings = {
				ASSETCATALOG_COMPILER_APPICON_NAME = AppIcon;
				ASSETCATALOG_COMPILER_GLOBAL_ACCENT_COLOR_NAME = AccentColor;
				CODE_SIGN_STYLE = Automatic;
				CURRENT_PROJECT_VERSION = 1;
				DEVELOPMENT_TEAM = U4GJP66JJA;
				GENERATE_INFOPLIST_FILE = YES;
				INFOPLIST_FILE = FirebaseInstaClone/Info.plist;
				INFOPLIST_KEY_UIApplicationSupportsIndirectInputEvents = YES;
				INFOPLIST_KEY_UILaunchStoryboardName = LaunchScreen;
				INFOPLIST_KEY_UIMainStoryboardFile = Main;
				INFOPLIST_KEY_UISupportedInterfaceOrientations_iPad = "UIInterfaceOrientationPortrait UIInterfaceOrientationPortraitUpsideDown UIInterfaceOrientationLandscapeLeft UIInterfaceOrientationLandscapeRight";
				INFOPLIST_KEY_UISupportedInterfaceOrientations_iPhone = "UIInterfaceOrientationPortrait UIInterfaceOrientationLandscapeLeft UIInterfaceOrientationLandscapeRight";
				LD_RUNPATH_SEARCH_PATHS = (
					"$(inherited)",
					"@executable_path/Frameworks",
				);
				MARKETING_VERSION = 1.0;
				PRODUCT_BUNDLE_IDENTIFIER = com.atakanaktakka.FirebaseInstaClone;
				PRODUCT_NAME = "$(TARGET_NAME)";
				SWIFT_EMIT_LOC_STRINGS = YES;
				SWIFT_VERSION = 5.0;
				TARGETED_DEVICE_FAMILY = "1,2";
			};
			name = Debug;
		};
		13B4BF042AB0C3B40050CF6A /* Release */ = {
			isa = XCBuildConfiguration;
			baseConfigurationReference = 92308F03DEA2814C86876094 /* Pods-FirebaseInstaClone.release.xcconfig */;
			buildSettings = {
				ASSETCATALOG_COMPILER_APPICON_NAME = AppIcon;
				ASSETCATALOG_COMPILER_GLOBAL_ACCENT_COLOR_NAME = AccentColor;
				CODE_SIGN_STYLE = Automatic;
				CURRENT_PROJECT_VERSION = 1;
				DEVELOPMENT_TEAM = U4GJP66JJA;
				GENERATE_INFOPLIST_FILE = YES;
				INFOPLIST_FILE = FirebaseInstaClone/Info.plist;
				INFOPLIST_KEY_UIApplicationSupportsIndirectInputEvents = YES;
				INFOPLIST_KEY_UILaunchStoryboardName = LaunchScreen;
				INFOPLIST_KEY_UIMainStoryboardFile = Main;
				INFOPLIST_KEY_UISupportedInterfaceOrientations_iPad = "UIInterfaceOrientationPortrait UIInterfaceOrientationPortraitUpsideDown UIInterfaceOrientationLandscapeLeft UIInterfaceOrientationLandscapeRight";
				INFOPLIST_KEY_UISupportedInterfaceOrientations_iPhone = "UIInterfaceOrientationPortrait UIInterfaceOrientationLandscapeLeft UIInterfaceOrientationLandscapeRight";
				LD_RUNPATH_SEARCH_PATHS = (
					"$(inherited)",
					"@executable_path/Frameworks",
				);
				MARKETING_VERSION = 1.0;
				PRODUCT_BUNDLE_IDENTIFIER = com.atakanaktakka.FirebaseInstaClone;
				PRODUCT_NAME = "$(TARGET_NAME)";
				SWIFT_EMIT_LOC_STRINGS = YES;
				SWIFT_VERSION = 5.0;
				TARGETED_DEVICE_FAMILY = "1,2";
			};
			name = Release;
		};
/* End XCBuildConfiguration section */

/* Begin XCConfigurationList section */
		13B4BEE92AB0C3B30050CF6A /* Build configuration list for PBXProject "FirebaseInstaClone" */ = {
			isa = XCConfigurationList;
			buildConfigurations = (
				13B4BF002AB0C3B40050CF6A /* Debug */,
				13B4BF012AB0C3B40050CF6A /* Release */,
			);
			defaultConfigurationIsVisible = 0;
			defaultConfigurationName = Release;
		};
		13B4BF022AB0C3B40050CF6A /* Build configuration list for PBXNativeTarget "FirebaseInstaClone" */ = {
			isa = XCConfigurationList;
			buildConfigurations = (
				13B4BF032AB0C3B40050CF6A /* Debug */,
				13B4BF042AB0C3B40050CF6A /* Release */,
			);
			defaultConfigurationIsVisible = 0;
			defaultConfigurationName = Release;
		};
/* End XCConfigurationList section */
	};
	rootObject = 13B4BEE62AB0C3B30050CF6A /* Project object */;
}
